// !$*UTF8*$!
{
	archiveVersion = 1;
	classes = {
	};
	objectVersion = 50;
	objects = {

/* Begin PBXBuildFile section */
		1B00CDCC26BDD66300E1FF82 /* AppDelegate.swift in Sources */ = {isa = PBXBuildFile; fileRef = 1B00CDCB26BDD66300E1FF82 /* AppDelegate.swift */; };
		1B00CDCE26BDD66300E1FF82 /* SceneDelegate.swift in Sources */ = {isa = PBXBuildFile; fileRef = 1B00CDCD26BDD66300E1FF82 /* SceneDelegate.swift */; };
		1B00CDD026BDD66300E1FF82 /* MovieDetail.swift in Sources */ = {isa = PBXBuildFile; fileRef = 1B00CDCF26BDD66300E1FF82 /* MovieDetail.swift */; };
		1B00CDD326BDD66300E1FF82 /* Movie_Tracker.xcdatamodeld in Sources */ = {isa = PBXBuildFile; fileRef = 1B00CDD126BDD66300E1FF82 /* Movie_Tracker.xcdatamodeld */; };
		1B00CDD526BDD66600E1FF82 /* Assets.xcassets in Resources */ = {isa = PBXBuildFile; fileRef = 1B00CDD426BDD66600E1FF82 /* Assets.xcassets */; };
		1B00CDD826BDD66600E1FF82 /* Preview Assets.xcassets in Resources */ = {isa = PBXBuildFile; fileRef = 1B00CDD726BDD66600E1FF82 /* Preview Assets.xcassets */; };
		1B00CDDB26BDD66600E1FF82 /* LaunchScreen.storyboard in Resources */ = {isa = PBXBuildFile; fileRef = 1B00CDD926BDD66600E1FF82 /* LaunchScreen.storyboard */; };
		1BB066BC26D8501C00E400CF /* Movie.swift in Sources */ = {isa = PBXBuildFile; fileRef = 1BB066BB26D8501C00E400CF /* Movie.swift */; };
		1BB066BF26D8519500E400CF /* MovieList.swift in Sources */ = {isa = PBXBuildFile; fileRef = 1BB066BE26D8519500E400CF /* MovieList.swift */; };
/* End PBXBuildFile section */

/* Begin PBXFileReference section */
		1B00CDC826BDD66300E1FF82 /* Movie Tracker.app */ = {isa = PBXFileReference; explicitFileType = wrapper.application; includeInIndex = 0; path = "Movie Tracker.app"; sourceTree = BUILT_PRODUCTS_DIR; };
		1B00CDCB26BDD66300E1FF82 /* AppDelegate.swift */ = {isa = PBXFileReference; lastKnownFileType = sourcecode.swift; path = AppDelegate.swift; sourceTree = "<group>"; };
		1B00CDCD26BDD66300E1FF82 /* SceneDelegate.swift */ = {isa = PBXFileReference; lastKnownFileType = sourcecode.swift; path = SceneDelegate.swift; sourceTree = "<group>"; };
		1B00CDCF26BDD66300E1FF82 /* MovieDetail.swift */ = {isa = PBXFileReference; lastKnownFileType = sourcecode.swift; path = MovieDetail.swift; sourceTree = "<group>"; };
		1B00CDD226BDD66300E1FF82 /* Movie_Tracker.xcdatamodel */ = {isa = PBXFileReference; lastKnownFileType = wrapper.xcdatamodel; path = Movie_Tracker.xcdatamodel; sourceTree = "<group>"; };
		1B00CDD426BDD66600E1FF82 /* Assets.xcassets */ = {isa = PBXFileReference; lastKnownFileType = folder.assetcatalog; path = Assets.xcassets; sourceTree = "<group>"; };
		1B00CDD726BDD66600E1FF82 /* Preview Assets.xcassets */ = {isa = PBXFileReference; lastKnownFileType = folder.assetcatalog; path = "Preview Assets.xcassets"; sourceTree = "<group>"; };
		1B00CDDA26BDD66600E1FF82 /* Base */ = {isa = PBXFileReference; lastKnownFileType = file.storyboard; name = Base; path = Base.lproj/LaunchScreen.storyboard; sourceTree = "<group>"; };
		1B00CDDC26BDD66600E1FF82 /* Info.plist */ = {isa = PBXFileReference; lastKnownFileType = text.plist.xml; path = Info.plist; sourceTree = "<group>"; };
		1BB066BB26D8501C00E400CF /* Movie.swift */ = {isa = PBXFileReference; lastKnownFileType = sourcecode.swift; path = Movie.swift; sourceTree = "<group>"; };
		1BB066BE26D8519500E400CF /* MovieList.swift */ = {isa = PBXFileReference; lastKnownFileType = sourcecode.swift; path = MovieList.swift; sourceTree = "<group>"; };
/* End PBXFileReference section */

/* Begin PBXFrameworksBuildPhase section */
		1B00CDC526BDD66300E1FF82 /* Frameworks */ = {
			isa = PBXFrameworksBuildPhase;
			buildActionMask = 2147483647;
			files = (
			);
			runOnlyForDeploymentPostprocessing = 0;
		};
/* End PBXFrameworksBuildPhase section */

/* Begin PBXGroup section */
		1B00CDBF26BDD66300E1FF82 = {
			isa = PBXGroup;
			children = (
				1B00CDCA26BDD66300E1FF82 /* Movie Tracker */,
				1B00CDC926BDD66300E1FF82 /* Products */,
			);
			sourceTree = "<group>";
		};
		1B00CDC926BDD66300E1FF82 /* Products */ = {
			isa = PBXGroup;
			children = (
				1B00CDC826BDD66300E1FF82 /* Movie Tracker.app */,
			);
			name = Products;
			sourceTree = "<group>";
		};
		1B00CDCA26BDD66300E1FF82 /* Movie Tracker */ = {
			isa = PBXGroup;
			children = (
				1B00CDCB26BDD66300E1FF82 /* AppDelegate.swift */,
				1B00CDCD26BDD66300E1FF82 /* SceneDelegate.swift */,
				1B00CDCF26BDD66300E1FF82 /* MovieDetail.swift */,
				1B00CDD426BDD66600E1FF82 /* Assets.xcassets */,
				1B00CDD926BDD66600E1FF82 /* LaunchScreen.storyboard */,
				1B00CDDC26BDD66600E1FF82 /* Info.plist */,
				1B00CDD126BDD66300E1FF82 /* Movie_Tracker.xcdatamodeld */,
				1B00CDD626BDD66600E1FF82 /* Preview Content */,
				1BB066BB26D8501C00E400CF /* Movie.swift */,
				1BB066BE26D8519500E400CF /* MovieList.swift */,
			);
			path = "Movie Tracker";
			sourceTree = "<group>";
		};
		1B00CDD626BDD66600E1FF82 /* Preview Content */ = {
			isa = PBXGroup;
			children = (
				1B00CDD726BDD66600E1FF82 /* Preview Assets.xcassets */,
			);
			path = "Preview Content";
			sourceTree = "<group>";
		};
/* End PBXGroup section */

/* Begin PBXNativeTarget section */
		1B00CDC726BDD66300E1FF82 /* Movie Tracker */ = {
			isa = PBXNativeTarget;
			buildConfigurationList = 1B00CDDF26BDD66600E1FF82 /* Build configuration list for PBXNativeTarget "Movie Tracker" */;
			buildPhases = (
				1B00CDC426BDD66300E1FF82 /* Sources */,
				1B00CDC526BDD66300E1FF82 /* Frameworks */,
				1B00CDC626BDD66300E1FF82 /* Resources */,
			);
			buildRules = (
			);
			dependencies = (
			);
			name = "Movie Tracker";
			productName = "Movie Tracker";
			productReference = 1B00CDC826BDD66300E1FF82 /* Movie Tracker.app */;
			productType = "com.apple.product-type.application";
		};
/* End PBXNativeTarget section */

/* Begin PBXProject section */
		1B00CDC026BDD66300E1FF82 /* Project object */ = {
			isa = PBXProject;
			attributes = {
				LastSwiftUpdateCheck = 1240;
				LastUpgradeCheck = 1240;
				TargetAttributes = {
					1B00CDC726BDD66300E1FF82 = {
						CreatedOnToolsVersion = 12.4;
					};
				};
			};
			buildConfigurationList = 1B00CDC326BDD66300E1FF82 /* Build configuration list for PBXProject "Movie Tracker" */;
			compatibilityVersion = "Xcode 9.3";
			developmentRegion = en;
			hasScannedForEncodings = 0;
			knownRegions = (
				en,
				Base,
			);
			mainGroup = 1B00CDBF26BDD66300E1FF82;
			productRefGroup = 1B00CDC926BDD66300E1FF82 /* Products */;
			projectDirPath = "";
			projectRoot = "";
			targets = (
				1B00CDC726BDD66300E1FF82 /* Movie Tracker */,
			);
		};
/* End PBXProject section */

/* Begin PBXResourcesBuildPhase section */
		1B00CDC626BDD66300E1FF82 /* Resources */ = {
			isa = PBXResourcesBuildPhase;
			buildActionMask = 2147483647;
			files = (
				1B00CDDB26BDD66600E1FF82 /* LaunchScreen.storyboard in Resources */,
				1B00CDD826BDD66600E1FF82 /* Preview Assets.xcassets in Resources */,
				1B00CDD526BDD66600E1FF82 /* Assets.xcassets in Resources */,
			);
			runOnlyForDeploymentPostprocessing = 0;
		};
/* End PBXResourcesBuildPhase section */

/* Begin PBXSourcesBuildPhase section */
		1B00CDC426BDD66300E1FF82 /* Sources */ = {
			isa = PBXSourcesBuildPhase;
			buildActionMask = 2147483647;
			files = (
				1BB066BF26D8519500E400CF /* MovieList.swift in Sources */,
				1B00CDCC26BDD66300E1FF82 /* AppDelegate.swift in Sources */,
				1B00CDD326BDD66300E1FF82 /* Movie_Tracker.xcdatamodeld in Sources */,
				1B00CDCE26BDD66300E1FF82 /* SceneDelegate.swift in Sources */,
				1B00CDD026BDD66300E1FF82 /* MovieDetail.swift in Sources */,
				1BB066BC26D8501C00E400CF /* Movie.swift in Sources */,
			);
			runOnlyForDeploymentPostprocessing = 0;
		};
/* End PBXSourcesBuildPhase section */

/* Begin PBXVariantGroup section */
		1B00CDD926BDD66600E1FF82 /* LaunchScreen.storyboard */ = {
			isa = PBXVariantGroup;
			children = (
				1B00CDDA26BDD66600E1FF82 /* Base */,
			);
			name = LaunchScreen.storyboard;
			sourceTree = "<group>";
		};
/* End PBXVariantGroup section */

/* Begin XCBuildConfiguration section */
		1B00CDDD26BDD66600E1FF82 /* Debug */ = {
			isa = XCBuildConfiguration;
			buildSettings = {
				ALWAYS_SEARCH_USER_PATHS = NO;
				CLANG_ANALYZER_NONNULL = YES;
				CLANG_ANALYZER_NUMBER_OBJECT_CONVERSION = YES_AGGRESSIVE;
				CLANG_CXX_LANGUAGE_STANDARD = "gnu++14";
				CLANG_CXX_LIBRARY = "libc++";
				CLANG_ENABLE_MODULES = YES;
				CLANG_ENABLE_OBJC_ARC = YES;
				CLANG_ENABLE_OBJC_WEAK = YES;
				CLANG_WARN_BLOCK_CAPTURE_AUTORELEASING = YES;
				CLANG_WARN_BOOL_CONVERSION = YES;
				CLANG_WARN_COMMA = YES;
				CLANG_WARN_CONSTANT_CONVERSION = YES;
				CLANG_WARN_DEPRECATED_OBJC_IMPLEMENTATIONS = YES;
				CLANG_WARN_DIRECT_OBJC_ISA_USAGE = YES_ERROR;
				CLANG_WARN_DOCUMENTATION_COMMENTS = YES;
				CLANG_WARN_EMPTY_BODY = YES;
				CLANG_WARN_ENUM_CONVERSION = YES;
				CLANG_WARN_INFINITE_RECURSION = YES;
				CLANG_WARN_INT_CONVERSION = YES;
				CLANG_WARN_NON_LITERAL_NULL_CONVERSION = YES;
				CLANG_WARN_OBJC_IMPLICIT_RETAIN_SELF = YES;
				CLANG_WARN_OBJC_LITERAL_CONVERSION = YES;
				CLANG_WARN_OBJC_ROOT_CLASS = YES_ERROR;
				CLANG_WARN_QUOTED_INCLUDE_IN_FRAMEWORK_HEADER = YES;
				CLANG_WARN_RANGE_LOOP_ANALYSIS = YES;
				CLANG_WARN_STRICT_PROTOTYPES = YES;
				CLANG_WARN_SUSPICIOUS_MOVE = YES;
				CLANG_WARN_UNGUARDED_AVAILABILITY = YES_AGGRESSIVE;
				CLANG_WARN_UNREACHABLE_CODE = YES;
				CLANG_WARN__DUPLICATE_METHOD_MATCH = YES;
				COPY_PHASE_STRIP = NO;
				DEBUG_INFORMATION_FORMAT = dwarf;
				ENABLE_STRICT_OBJC_MSGSEND = YES;
				ENABLE_TESTABILITY = YES;
				GCC_C_LANGUAGE_STANDARD = gnu11;
				GCC_DYNAMIC_NO_PIC = NO;
				GCC_NO_COMMON_BLOCKS = YES;
				GCC_OPTIMIZATION_LEVEL = 0;
				GCC_PREPROCESSOR_DEFINITIONS = (
					"DEBUG=1",
					"$(inherited)",
				);
				GCC_WARN_64_TO_32_BIT_CONVERSION = YES;
				GCC_WARN_ABOUT_RETURN_TYPE = YES_ERROR;
				GCC_WARN_UNDECLARED_SELECTOR = YES;
				GCC_WARN_UNINITIALIZED_AUTOS = YES_AGGRESSIVE;
				GCC_WARN_UNUSED_FUNCTION = YES;
				GCC_WARN_UNUSED_VARIABLE = YES;
				IPHONEOS_DEPLOYMENT_TARGET = 14.4;
				MTL_ENABLE_DEBUG_INFO = INCLUDE_SOURCE;
				MTL_FAST_MATH = YES;
				ONLY_ACTIVE_ARCH = YES;
				SDKROOT = iphoneos;
				SWIFT_ACTIVE_COMPILATION_CONDITIONS = DEBUG;
				SWIFT_OPTIMIZATION_LEVEL = "-Onone";
			};
			name = Debug;
		};
		1B00CDDE26BDD66600E1FF82 /* Release */ = {
			isa = XCBuildConfiguration;
			buildSettings = {
				ALWAYS_SEARCH_USER_PATHS = NO;
				CLANG_ANALYZER_NONNULL = YES;
				CLANG_ANALYZER_NUMBER_OBJECT_CONVERSION = YES_AGGRESSIVE;
				CLANG_CXX_LANGUAGE_STANDARD = "gnu++14";
				CLANG_CXX_LIBRARY = "libc++";
				CLANG_ENABLE_MODULES = YES;
				CLANG_ENABLE_OBJC_ARC = YES;
				CLANG_ENABLE_OBJC_WEAK = YES;
				CLANG_WARN_BLOCK_CAPTURE_AUTORELEASING = YES;
				CLANG_WARN_BOOL_CONVERSION = YES;
				CLANG_WARN_COMMA = YES;
				CLANG_WARN_CONSTANT_CONVERSION = YES;
				CLANG_WARN_DEPRECATED_OBJC_IMPLEMENTATIONS = YES;
				CLANG_WARN_DIRECT_OBJC_ISA_USAGE = YES_ERROR;
				CLANG_WARN_DOCUMENTATION_COMMENTS = YES;
				CLANG_WARN_EMPTY_BODY = YES;
				CLANG_WARN_ENUM_CONVERSION = YES;
				CLANG_WARN_INFINITE_RECURSION = YES;
				CLANG_WARN_INT_CONVERSION = YES;
				CLANG_WARN_NON_LITERAL_NULL_CONVERSION = YES;
				CLANG_WARN_OBJC_IMPLICIT_RETAIN_SELF = YES;
				CLANG_WARN_OBJC_LITERAL_CONVERSION = YES;
				CLANG_WARN_OBJC_ROOT_CLASS = YES_ERROR;
				CLANG_WARN_QUOTED_INCLUDE_IN_FRAMEWORK_HEADER = YES;
				CLANG_WARN_RANGE_LOOP_ANALYSIS = YES;
				CLANG_WARN_STRICT_PROTOTYPES = YES;
				CLANG_WARN_SUSPICIOUS_MOVE = YES;
				CLANG_WARN_UNGUARDED_AVAILABILITY = YES_AGGRESSIVE;
				CLANG_WARN_UNREACHABLE_CODE = YES;
				CLANG_WARN__DUPLICATE_METHOD_MATCH = YES;
				COPY_PHASE_STRIP = NO;
				DEBUG_INFORMATION_FORMAT = "dwarf-with-dsym";
				ENABLE_NS_ASSERTIONS = NO;
				ENABLE_STRICT_OBJC_MSGSEND = YES;
				GCC_C_LANGUAGE_STANDARD = gnu11;
				GCC_NO_COMMON_BLOCKS = YES;
				GCC_WARN_64_TO_32_BIT_CONVERSION = YES;
				GCC_WARN_ABOUT_RETURN_TYPE = YES_ERROR;
				GCC_WARN_UNDECLARED_SELECTOR = YES;
				GCC_WARN_UNINITIALIZED_AUTOS = YES_AGGRESSIVE;
				GCC_WARN_UNUSED_FUNCTION = YES;
				GCC_WARN_UNUSED_VARIABLE = YES;
				IPHONEOS_DEPLOYMENT_TARGET = 14.4;
				MTL_ENABLE_DEBUG_INFO = NO;
				MTL_FAST_MATH = YES;
				SDKROOT = iphoneos;
				SWIFT_COMPILATION_MODE = wholemodule;
				SWIFT_OPTIMIZATION_LEVEL = "-O";
				VALIDATE_PRODUCT = YES;
			};
			name = Release;
		};
		1B00CDE026BDD66600E1FF82 /* Debug */ = {
			isa = XCBuildConfiguration;
			buildSettings = {
				ASSETCATALOG_COMPILER_APPICON_NAME = AppIcon;
				ASSETCATALOG_COMPILER_GLOBAL_ACCENT_COLOR_NAME = AccentColor;
				CODE_SIGN_STYLE = Automatic;
				DEVELOPMENT_ASSET_PATHS = "\"Movie Tracker/Preview Content\"";
				DEVELOPMENT_TEAM = 6K6DZHJR9A;
				ENABLE_PREVIEWS = YES;
				INFOPLIST_FILE = "Movie Tracker/Info.plist";
				LD_RUNPATH_SEARCH_PATHS = (
					"$(inherited)",
					"@executable_path/Frameworks",
				);
				PRODUCT_BUNDLE_IDENTIFIER = "com.project.Movie-Tracker";
				PRODUCT_NAME = "$(TARGET_NAME)";
				SWIFT_VERSION = 5.0;
				TARGETED_DEVICE_FAMILY = 1;
			};
			name = Debug;
		};
		1B00CDE126BDD66600E1FF82 /* Release */ = {
			isa = XCBuildConfiguration;
			buildSettings = {
				ASSETCATALOG_COMPILER_APPICON_NAME = AppIcon;
				ASSETCATALOG_COMPILER_GLOBAL_ACCENT_COLOR_NAME = AccentColor;
				CODE_SIGN_STYLE = Automatic;
				DEVELOPMENT_ASSET_PATHS = "\"Movie Tracker/Preview Content\"";
				DEVELOPMENT_TEAM = 6K6DZHJR9A;
				ENABLE_PREVIEWS = YES;
				INFOPLIST_FILE = "Movie Tracker/Info.plist";
				LD_RUNPATH_SEARCH_PATHS = (
					"$(inherited)",
					"@executable_path/Frameworks",
				);
				PRODUCT_BUNDLE_IDENTIFIER = "com.project.Movie-Tracker";
				PRODUCT_NAME = "$(TARGET_NAME)";
				SWIFT_VERSION = 5.0;
				TARGETED_DEVICE_FAMILY = 1;
			};
			name = Release;
		};
/* End XCBuildConfiguration section */

/* Begin XCConfigurationList section */
		1B00CDC326BDD66300E1FF82 /* Build configuration list for PBXProject "Movie Tracker" */ = {
			isa = XCConfigurationList;
			buildConfigurations = (
				1B00CDDD26BDD66600E1FF82 /* Debug */,
				1B00CDDE26BDD66600E1FF82 /* Release */,
			);
			defaultConfigurationIsVisible = 0;
			defaultConfigurationName = Release;
		};
		1B00CDDF26BDD66600E1FF82 /* Build configuration list for PBXNativeTarget "Movie Tracker" */ = {
			isa = XCConfigurationList;
			buildConfigurations = (
				1B00CDE026BDD66600E1FF82 /* Debug */,
				1B00CDE126BDD66600E1FF82 /* Release */,
			);
			defaultConfigurationIsVisible = 0;
			defaultConfigurationName = Release;
		};
/* End XCConfigurationList section */

/* Begin XCVersionGroup section */
		1B00CDD126BDD66300E1FF82 /* Movie_Tracker.xcdatamodeld */ = {
			isa = XCVersionGroup;
			children = (
				1B00CDD226BDD66300E1FF82 /* Movie_Tracker.xcdatamodel */,
			);
			currentVersion = 1B00CDD226BDD66300E1FF82 /* Movie_Tracker.xcdatamodel */;
			path = Movie_Tracker.xcdatamodeld;
			sourceTree = "<group>";
			versionGroupType = wrapper.xcdatamodel;
		};
/* End XCVersionGroup section */
	};
	rootObject = 1B00CDC026BDD66300E1FF82 /* Project object */;
}
